
Microsoft Visual Studio Solution File, Format Version 12.00
# Visual Studio Version 17
VisualStudioVersion = 17.1.31903.286
MinimumVisualStudioVersion = 10.0.40219.1
Project("{FAE04EC0-301F-11D3-BF4B-00C04F79EFBC}") = "200型直喷泵检测", "200直喷泵检测\200型直喷泵检测.csproj", "{81EBB1CA-4A86-4426-9BB3-24593DE450BC}"
EndProject
Global
	GlobalSection(SolutionConfigurationPlatforms) = preSolution
		Debug|Any CPU = Debug|Any CPU
		Release|Any CPU = Release|Any CPU
	EndGlobalSection
	GlobalSection(ProjectConfigurationPlatforms) = postSolution
		{81EBB1CA-4A86-4426-9BB3-24593DE450BC}.Debug|Any CPU.ActiveCfg = Debug|Any CPU
		{81EBB1CA-4A86-4426-9BB3-24593DE450BC}.Debug|Any CPU.Build.0 = Debug|Any CPU
		{81EBB1CA-4A86-4426-9BB3-24593DE450BC}.Release|Any CPU.ActiveCfg = Release|Any CPU
		{81EBB1CA-4A86-4426-9BB3-24593DE450BC}.Release|Any CPU.Build.0 = Release|Any CPU
	EndGlobalSection
	GlobalSection(SolutionProperties) = preSolution
		HideSolutionNode = FALSE
	EndGlobalSection
	GlobalSection(ExtensibilityGlobals) = postSolution
		SolutionGuid = {8F9DCD07-3BBA-4DDC-A5C8-8E94F64C6C7D}
	EndGlobalSection
EndGlobal
